
Microsoft Visual Studio Solution File, Format Version 12.00
# Visual Studio Version 17
VisualStudioVersion = 17.2.32616.157
MinimumVisualStudioVersion = 10.0.40219.1
Project("{9A19103F-16F7-4668-BE54-9A1E7A4F7556}") = "EFAspCore", "EFAspCore\EFAspCore.csproj", "{B82F3978-8D08-4049-8A0D-1816CBDFD2DD}"
EndProject
Project("{9A19103F-16F7-4668-BE54-9A1E7A4F7556}") = "EFAspCore.Infrastructure", "EFAspCore.Infrastructure\EFAspCore.Infrastructure.csproj", "{85A40B0C-E5D5-4C9C-919B-24CB991FB6DD}"
EndProject
Project("{FAE04EC0-301F-11D3-BF4B-00C04F79EFBC}") = "EFAspCore.Core", "EFAspCore.Core\EFAspCore.Core.csproj", "{C02E1C4C-D839-441F-8C19-9F5E1251D41F}"
EndProject
Global
	GlobalSection(SolutionConfigurationPlatforms) = preSolution
		Debug|Any CPU = Debug|Any CPU
		Release|Any CPU = Release|Any CPU
	EndGlobalSection
	GlobalSection(ProjectConfigurationPlatforms) = postSolution
		{B82F3978-8D08-4049-8A0D-1816CBDFD2DD}.Debug|Any CPU.ActiveCfg = Debug|Any CPU
		{B82F3978-8D08-4049-8A0D-1816CBDFD2DD}.Debug|Any CPU.Build.0 = Debug|Any CPU
		{B82F3978-8D08-4049-8A0D-1816CBDFD2DD}.Release|Any CPU.ActiveCfg = Release|Any CPU
		{B82F3978-8D08-4049-8A0D-1816CBDFD2DD}.Release|Any CPU.Build.0 = Release|Any CPU
		{85A40B0C-E5D5-4C9C-919B-24CB991FB6DD}.Debug|Any CPU.ActiveCfg = Debug|Any CPU
		{85A40B0C-E5D5-4C9C-919B-24CB991FB6DD}.Debug|Any CPU.Build.0 = Debug|Any CPU
		{85A40B0C-E5D5-4C9C-919B-24CB991FB6DD}.Release|Any CPU.ActiveCfg = Release|Any CPU
		{85A40B0C-E5D5-4C9C-919B-24CB991FB6DD}.Release|Any CPU.Build.0 = Release|Any CPU
		{C02E1C4C-D839-441F-8C19-9F5E1251D41F}.Debug|Any CPU.ActiveCfg = Debug|Any CPU
		{C02E1C4C-D839-441F-8C19-9F5E1251D41F}.Debug|Any CPU.Build.0 = Debug|Any CPU
		{C02E1C4C-D839-441F-8C19-9F5E1251D41F}.Release|Any CPU.ActiveCfg = Release|Any CPU
		{C02E1C4C-D839-441F-8C19-9F5E1251D41F}.Release|Any CPU.Build.0 = Release|Any CPU
	EndGlobalSection
	GlobalSection(SolutionProperties) = preSolution
		HideSolutionNode = FALSE
	EndGlobalSection
	GlobalSection(ExtensibilityGlobals) = postSolution
		SolutionGuid = {6E3C3F2E-BA75-4182-858E-20225360A50E}
	EndGlobalSection
EndGlobal
